
Microsoft Visual Studio Solution File, Format Version 12.00
# Visual Studio Version 16
VisualStudioVersion = 16.0.30204.135
MinimumVisualStudioVersion = 10.0.40219.1
Project("{FAE04EC0-301F-11D3-BF4B-00C04F79EFBC}") = "OwlsBookStore.Data", "..\OwlsBookStore.Data\OwlsBookStore.Data.csproj", "{292CDEF2-96CD-471F-A5E9-30E326A1653E}"
EndProject
Project("{FAE04EC0-301F-11D3-BF4B-00C04F79EFBC}") = "OwlsBookStore.Web", "..\OwlsBookStore.Web\OwlsBookStore.Web.csproj", "{8799A312-71B8-4B2C-87B5-356FDCA15859}"
EndProject
Global
	GlobalSection(SolutionConfigurationPlatforms) = preSolution
		Debug|Any CPU = Debug|Any CPU
		Release|Any CPU = Release|Any CPU
	EndGlobalSection
	GlobalSection(ProjectConfigurationPlatforms) = postSolution
		{292CDEF2-96CD-471F-A5E9-30E326A1653E}.Debug|Any CPU.ActiveCfg = Debug|Any CPU
		{292CDEF2-96CD-471F-A5E9-30E326A1653E}.Debug|Any CPU.Build.0 = Debug|Any CPU
		{292CDEF2-96CD-471F-A5E9-30E326A1653E}.Release|Any CPU.ActiveCfg = Release|Any CPU
		{292CDEF2-96CD-471F-A5E9-30E326A1653E}.Release|Any CPU.Build.0 = Release|Any CPU
		{8799A312-71B8-4B2C-87B5-356FDCA15859}.Debug|Any CPU.ActiveCfg = Debug|Any CPU
		{8799A312-71B8-4B2C-87B5-356FDCA15859}.Debug|Any CPU.Build.0 = Debug|Any CPU
		{8799A312-71B8-4B2C-87B5-356FDCA15859}.Release|Any CPU.ActiveCfg = Release|Any CPU
		{8799A312-71B8-4B2C-87B5-356FDCA15859}.Release|Any CPU.Build.0 = Release|Any CPU
	EndGlobalSection
	GlobalSection(SolutionProperties) = preSolution
		HideSolutionNode = FALSE
	EndGlobalSection
	GlobalSection(ExtensibilityGlobals) = postSolution
		SolutionGuid = {F39789C7-7D2C-4315-80BF-EB54A213E711}
	EndGlobalSection
EndGlobal
